
Microsoft Visual Studio Solution File, Format Version 12.00
# Visual Studio 14
VisualStudioVersion = 14.0.25420.1
MinimumVisualStudioVersion = 10.0.40219.1
Project("{FAE04EC0-301F-11D3-BF4B-00C04F79EFBC}") = "SAP.DataModel", "SAP.DataModel\SAP.DataModel.csproj", "{C276BA68-AFD4-47CA-A0B1-2B7BBBB84C9D}"
EndProject
Project("{FAE04EC0-301F-11D3-BF4B-00C04F79EFBC}") = "SAP.DataAccess", "SAP.DataAccess\SAP.DataAccess.csproj", "{74CA9EB2-4225-4DB1-AF3A-ADC57587FC9F}"
EndProject
Project("{FAE04EC0-301F-11D3-BF4B-00C04F79EFBC}") = "SAP.Process", "SAP.Process\SAP.Process.csproj", "{4D3C6595-3DC3-4D21-9609-CBA7DFB6F455}"
EndProject
Project("{FAE04EC0-301F-11D3-BF4B-00C04F79EFBC}") = "SAP.Interfaces", "SAP.Interfaces\SAP.Interfaces.csproj", "{23B58DBB-923A-4691-98C0-574D5BF1CB23}"
EndProject
Project("{FAE04EC0-301F-11D3-BF4B-00C04F79EFBC}") = "SAP.WinSvc", "SAP.WinSvc\SAP.WinSvc.csproj", "{BD757BE1-1288-467E-B017-6B4F8331F25E}"
EndProject
Project("{FAE04EC0-301F-11D3-BF4B-00C04F79EFBC}") = "SAP.Dtos", "SAP.Dtos\SAP.Dtos.csproj", "{A6F34E6C-445F-4CD8-A2C3-AFED64601282}"
EndProject
Project("{FAE04EC0-301F-11D3-BF4B-00C04F79EFBC}") = "SAP.Map", "SAP.Map\SAP.Map.csproj", "{8D9F215E-7EBB-45A4-B623-C4E069BDEAC3}"
EndProject
Global
	GlobalSection(SolutionConfigurationPlatforms) = preSolution
		Debug|Any CPU = Debug|Any CPU
		Debug|x64 = Debug|x64
		Debug|x86 = Debug|x86
		Release|Any CPU = Release|Any CPU
		Release|x64 = Release|x64
		Release|x86 = Release|x86
		UAT|Any CPU = UAT|Any CPU
		UAT|x64 = UAT|x64
		UAT|x86 = UAT|x86
	EndGlobalSection
	GlobalSection(ProjectConfigurationPlatforms) = postSolution
		{C276BA68-AFD4-47CA-A0B1-2B7BBBB84C9D}.Debug|Any CPU.ActiveCfg = Debug|Any CPU
		{C276BA68-AFD4-47CA-A0B1-2B7BBBB84C9D}.Debug|Any CPU.Build.0 = Debug|Any CPU
		{C276BA68-AFD4-47CA-A0B1-2B7BBBB84C9D}.Debug|x64.ActiveCfg = Debug|Any CPU
		{C276BA68-AFD4-47CA-A0B1-2B7BBBB84C9D}.Debug|x64.Build.0 = Debug|Any CPU
		{C276BA68-AFD4-47CA-A0B1-2B7BBBB84C9D}.Debug|x86.ActiveCfg = Debug|Any CPU
		{C276BA68-AFD4-47CA-A0B1-2B7BBBB84C9D}.Debug|x86.Build.0 = Debug|Any CPU
		{C276BA68-AFD4-47CA-A0B1-2B7BBBB84C9D}.Release|Any CPU.ActiveCfg = Release|Any CPU
		{C276BA68-AFD4-47CA-A0B1-2B7BBBB84C9D}.Release|Any CPU.Build.0 = Release|Any CPU
		{C276BA68-AFD4-47CA-A0B1-2B7BBBB84C9D}.Release|x64.ActiveCfg = Release|Any CPU
		{C276BA68-AFD4-47CA-A0B1-2B7BBBB84C9D}.Release|x64.Build.0 = Release|Any CPU
		{C276BA68-AFD4-47CA-A0B1-2B7BBBB84C9D}.Release|x86.ActiveCfg = Release|Any CPU
		{C276BA68-AFD4-47CA-A0B1-2B7BBBB84C9D}.Release|x86.Build.0 = Release|Any CPU
		{C276BA68-AFD4-47CA-A0B1-2B7BBBB84C9D}.UAT|Any CPU.ActiveCfg = Release|Any CPU
		{C276BA68-AFD4-47CA-A0B1-2B7BBBB84C9D}.UAT|Any CPU.Build.0 = Release|Any CPU
		{C276BA68-AFD4-47CA-A0B1-2B7BBBB84C9D}.UAT|x64.ActiveCfg = Release|Any CPU
		{C276BA68-AFD4-47CA-A0B1-2B7BBBB84C9D}.UAT|x64.Build.0 = Release|Any CPU
		{C276BA68-AFD4-47CA-A0B1-2B7BBBB84C9D}.UAT|x86.ActiveCfg = Release|Any CPU
		{C276BA68-AFD4-47CA-A0B1-2B7BBBB84C9D}.UAT|x86.Build.0 = Release|Any CPU
		{74CA9EB2-4225-4DB1-AF3A-ADC57587FC9F}.Debug|Any CPU.ActiveCfg = Debug|Any CPU
		{74CA9EB2-4225-4DB1-AF3A-ADC57587FC9F}.Debug|Any CPU.Build.0 = Debug|Any CPU
		{74CA9EB2-4225-4DB1-AF3A-ADC57587FC9F}.Debug|x64.ActiveCfg = Debug|Any CPU
		{74CA9EB2-4225-4DB1-AF3A-ADC57587FC9F}.Debug|x64.Build.0 = Debug|Any CPU
		{74CA9EB2-4225-4DB1-AF3A-ADC57587FC9F}.Debug|x86.ActiveCfg = Debug|Any CPU
		{74CA9EB2-4225-4DB1-AF3A-ADC57587FC9F}.Debug|x86.Build.0 = Debug|Any CPU
		{74CA9EB2-4225-4DB1-AF3A-ADC57587FC9F}.Release|Any CPU.ActiveCfg = Release|Any CPU
		{74CA9EB2-4225-4DB1-AF3A-ADC57587FC9F}.Release|Any CPU.Build.0 = Release|Any CPU
		{74CA9EB2-4225-4DB1-AF3A-ADC57587FC9F}.Release|x64.ActiveCfg = Release|Any CPU
		{74CA9EB2-4225-4DB1-AF3A-ADC57587FC9F}.Release|x64.Build.0 = Release|Any CPU
		{74CA9EB2-4225-4DB1-AF3A-ADC57587FC9F}.Release|x86.ActiveCfg = Release|Any CPU
		{74CA9EB2-4225-4DB1-AF3A-ADC57587FC9F}.Release|x86.Build.0 = Release|Any CPU
		{74CA9EB2-4225-4DB1-AF3A-ADC57587FC9F}.UAT|Any CPU.ActiveCfg = Release|Any CPU
		{74CA9EB2-4225-4DB1-AF3A-ADC57587FC9F}.UAT|Any CPU.Build.0 = Release|Any CPU
		{74CA9EB2-4225-4DB1-AF3A-ADC57587FC9F}.UAT|x64.ActiveCfg = Release|Any CPU
		{74CA9EB2-4225-4DB1-AF3A-ADC57587FC9F}.UAT|x64.Build.0 = Release|Any CPU
		{74CA9EB2-4225-4DB1-AF3A-ADC57587FC9F}.UAT|x86.ActiveCfg = Release|Any CPU
		{74CA9EB2-4225-4DB1-AF3A-ADC57587FC9F}.UAT|x86.Build.0 = Release|Any CPU
		{4D3C6595-3DC3-4D21-9609-CBA7DFB6F455}.Debug|Any CPU.ActiveCfg = Debug|Any CPU
		{4D3C6595-3DC3-4D21-9609-CBA7DFB6F455}.Debug|Any CPU.Build.0 = Debug|Any CPU
		{4D3C6595-3DC3-4D21-9609-CBA7DFB6F455}.Debug|x64.ActiveCfg = Debug|Any CPU
		{4D3C6595-3DC3-4D21-9609-CBA7DFB6F455}.Debug|x64.Build.0 = Debug|Any CPU
		{4D3C6595-3DC3-4D21-9609-CBA7DFB6F455}.Debug|x86.ActiveCfg = Debug|Any CPU
		{4D3C6595-3DC3-4D21-9609-CBA7DFB6F455}.Debug|x86.Build.0 = Debug|Any CPU
		{4D3C6595-3DC3-4D21-9609-CBA7DFB6F455}.Release|Any CPU.ActiveCfg = Release|Any CPU
		{4D3C6595-3DC3-4D21-9609-CBA7DFB6F455}.Release|Any CPU.Build.0 = Release|Any CPU
		{4D3C6595-3DC3-4D21-9609-CBA7DFB6F455}.Release|x64.ActiveCfg = Release|Any CPU
		{4D3C6595-3DC3-4D21-9609-CBA7DFB6F455}.Release|x64.Build.0 = Release|Any CPU
		{4D3C6595-3DC3-4D21-9609-CBA7DFB6F455}.Release|x86.ActiveCfg = Release|Any CPU
		{4D3C6595-3DC3-4D21-9609-CBA7DFB6F455}.Release|x86.Build.0 = Release|Any CPU
		{4D3C6595-3DC3-4D21-9609-CBA7DFB6F455}.UAT|Any CPU.ActiveCfg = Release|Any CPU
		{4D3C6595-3DC3-4D21-9609-CBA7DFB6F455}.UAT|Any CPU.Build.0 = Release|Any CPU
		{4D3C6595-3DC3-4D21-9609-CBA7DFB6F455}.UAT|x64.ActiveCfg = Release|Any CPU
		{4D3C6595-3DC3-4D21-9609-CBA7DFB6F455}.UAT|x64.Build.0 = Release|Any CPU
		{4D3C6595-3DC3-4D21-9609-CBA7DFB6F455}.UAT|x86.ActiveCfg = Release|Any CPU
		{4D3C6595-3DC3-4D21-9609-CBA7DFB6F455}.UAT|x86.Build.0 = Release|Any CPU
		{23B58DBB-923A-4691-98C0-574D5BF1CB23}.Debug|Any CPU.ActiveCfg = Debug|Any CPU
		{23B58DBB-923A-4691-98C0-574D5BF1CB23}.Debug|Any CPU.Build.0 = Debug|Any CPU
		{23B58DBB-923A-4691-98C0-574D5BF1CB23}.Debug|x64.ActiveCfg = Debug|Any CPU
		{23B58DBB-923A-4691-98C0-574D5BF1CB23}.Debug|x64.Build.0 = Debug|Any CPU
		{23B58DBB-923A-4691-98C0-574D5BF1CB23}.Debug|x86.ActiveCfg = Debug|Any CPU
		{23B58DBB-923A-4691-98C0-574D5BF1CB23}.Debug|x86.Build.0 = Debug|Any CPU
		{23B58DBB-923A-4691-98C0-574D5BF1CB23}.Release|Any CPU.ActiveCfg = Release|Any CPU
		{23B58DBB-923A-4691-98C0-574D5BF1CB23}.Release|Any CPU.Build.0 = Release|Any CPU
		{23B58DBB-923A-4691-98C0-574D5BF1CB23}.Release|x64.ActiveCfg = Release|Any CPU
		{23B58DBB-923A-4691-98C0-574D5BF1CB23}.Release|x64.Build.0 = Release|Any CPU
		{23B58DBB-923A-4691-98C0-574D5BF1CB23}.Release|x86.ActiveCfg = Release|Any CPU
		{23B58DBB-923A-4691-98C0-574D5BF1CB23}.Release|x86.Build.0 = Release|Any CPU
		{23B58DBB-923A-4691-98C0-574D5BF1CB23}.UAT|Any CPU.ActiveCfg = Release|Any CPU
		{23B58DBB-923A-4691-98C0-574D5BF1CB23}.UAT|Any CPU.Build.0 = Release|Any CPU
		{23B58DBB-923A-4691-98C0-574D5BF1CB23}.UAT|x64.ActiveCfg = Release|Any CPU
		{23B58DBB-923A-4691-98C0-574D5BF1CB23}.UAT|x64.Build.0 = Release|Any CPU
		{23B58DBB-923A-4691-98C0-574D5BF1CB23}.UAT|x86.ActiveCfg = Release|Any CPU
		{23B58DBB-923A-4691-98C0-574D5BF1CB23}.UAT|x86.Build.0 = Release|Any CPU
		{BD757BE1-1288-467E-B017-6B4F8331F25E}.Debug|Any CPU.ActiveCfg = Debug|Any CPU
		{BD757BE1-1288-467E-B017-6B4F8331F25E}.Debug|Any CPU.Build.0 = Debug|Any CPU
		{BD757BE1-1288-467E-B017-6B4F8331F25E}.Debug|x64.ActiveCfg = Debug|Any CPU
		{BD757BE1-1288-467E-B017-6B4F8331F25E}.Debug|x64.Build.0 = Debug|Any CPU
		{BD757BE1-1288-467E-B017-6B4F8331F25E}.Debug|x86.ActiveCfg = Debug|Any CPU
		{BD757BE1-1288-467E-B017-6B4F8331F25E}.Debug|x86.Build.0 = Debug|Any CPU
		{BD757BE1-1288-467E-B017-6B4F8331F25E}.Release|Any CPU.ActiveCfg = Release|Any CPU
		{BD757BE1-1288-467E-B017-6B4F8331F25E}.Release|Any CPU.Build.0 = Release|Any CPU
		{BD757BE1-1288-467E-B017-6B4F8331F25E}.Release|x64.ActiveCfg = Release|Any CPU
		{BD757BE1-1288-467E-B017-6B4F8331F25E}.Release|x64.Build.0 = Release|Any CPU
		{BD757BE1-1288-467E-B017-6B4F8331F25E}.Release|x86.ActiveCfg = Release|Any CPU
		{BD757BE1-1288-467E-B017-6B4F8331F25E}.Release|x86.Build.0 = Release|Any CPU
		{BD757BE1-1288-467E-B017-6B4F8331F25E}.UAT|Any CPU.ActiveCfg = Release|Any CPU
		{BD757BE1-1288-467E-B017-6B4F8331F25E}.UAT|Any CPU.Build.0 = Release|Any CPU
		{BD757BE1-1288-467E-B017-6B4F8331F25E}.UAT|x64.ActiveCfg = Release|Any CPU
		{BD757BE1-1288-467E-B017-6B4F8331F25E}.UAT|x64.Build.0 = Release|Any CPU
		{BD757BE1-1288-467E-B017-6B4F8331F25E}.UAT|x86.ActiveCfg = Release|Any CPU
		{BD757BE1-1288-467E-B017-6B4F8331F25E}.UAT|x86.Build.0 = Release|Any CPU
		{A6F34E6C-445F-4CD8-A2C3-AFED64601282}.Debug|Any CPU.ActiveCfg = Debug|Any CPU
		{A6F34E6C-445F-4CD8-A2C3-AFED64601282}.Debug|Any CPU.Build.0 = Debug|Any CPU
		{A6F34E6C-445F-4CD8-A2C3-AFED64601282}.Debug|x64.ActiveCfg = Debug|Any CPU
		{A6F34E6C-445F-4CD8-A2C3-AFED64601282}.Debug|x64.Build.0 = Debug|Any CPU
		{A6F34E6C-445F-4CD8-A2C3-AFED64601282}.Debug|x86.ActiveCfg = Debug|Any CPU
		{A6F34E6C-445F-4CD8-A2C3-AFED64601282}.Debug|x86.Build.0 = Debug|Any CPU
		{A6F34E6C-445F-4CD8-A2C3-AFED64601282}.Release|Any CPU.ActiveCfg = Release|Any CPU
		{A6F34E6C-445F-4CD8-A2C3-AFED64601282}.Release|Any CPU.Build.0 = Release|Any CPU
		{A6F34E6C-445F-4CD8-A2C3-AFED64601282}.Release|x64.ActiveCfg = Release|Any CPU
		{A6F34E6C-445F-4CD8-A2C3-AFED64601282}.Release|x64.Build.0 = Release|Any CPU
		{A6F34E6C-445F-4CD8-A2C3-AFED64601282}.Release|x86.ActiveCfg = Release|Any CPU
		{A6F34E6C-445F-4CD8-A2C3-AFED64601282}.Release|x86.Build.0 = Release|Any CPU
		{A6F34E6C-445F-4CD8-A2C3-AFED64601282}.UAT|Any CPU.ActiveCfg = Release|Any CPU
		{A6F34E6C-445F-4CD8-A2C3-AFED64601282}.UAT|Any CPU.Build.0 = Release|Any CPU
		{A6F34E6C-445F-4CD8-A2C3-AFED64601282}.UAT|x64.ActiveCfg = Release|Any CPU
		{A6F34E6C-445F-4CD8-A2C3-AFED64601282}.UAT|x64.Build.0 = Release|Any CPU
		{A6F34E6C-445F-4CD8-A2C3-AFED64601282}.UAT|x86.ActiveCfg = Release|Any CPU
		{A6F34E6C-445F-4CD8-A2C3-AFED64601282}.UAT|x86.Build.0 = Release|Any CPU
		{8D9F215E-7EBB-45A4-B623-C4E069BDEAC3}.Debug|Any CPU.ActiveCfg = Debug|Any CPU
		{8D9F215E-7EBB-45A4-B623-C4E069BDEAC3}.Debug|Any CPU.Build.0 = Debug|Any CPU
		{8D9F215E-7EBB-45A4-B623-C4E069BDEAC3}.Debug|x64.ActiveCfg = Debug|Any CPU
		{8D9F215E-7EBB-45A4-B623-C4E069BDEAC3}.Debug|x64.Build.0 = Debug|Any CPU
		{8D9F215E-7EBB-45A4-B623-C4E069BDEAC3}.Debug|x86.ActiveCfg = Debug|Any CPU
		{8D9F215E-7EBB-45A4-B623-C4E069BDEAC3}.Debug|x86.Build.0 = Debug|Any CPU
		{8D9F215E-7EBB-45A4-B623-C4E069BDEAC3}.Release|Any CPU.ActiveCfg = Release|Any CPU
		{8D9F215E-7EBB-45A4-B623-C4E069BDEAC3}.Release|Any CPU.Build.0 = Release|Any CPU
		{8D9F215E-7EBB-45A4-B623-C4E069BDEAC3}.Release|x64.ActiveCfg = Release|Any CPU
		{8D9F215E-7EBB-45A4-B623-C4E069BDEAC3}.Release|x64.Build.0 = Release|Any CPU
		{8D9F215E-7EBB-45A4-B623-C4E069BDEAC3}.Release|x86.ActiveCfg = Release|Any CPU
		{8D9F215E-7EBB-45A4-B623-C4E069BDEAC3}.Release|x86.Build.0 = Release|Any CPU
		{8D9F215E-7EBB-45A4-B623-C4E069BDEAC3}.UAT|Any CPU.ActiveCfg = Release|Any CPU
		{8D9F215E-7EBB-45A4-B623-C4E069BDEAC3}.UAT|Any CPU.Build.0 = Release|Any CPU
		{8D9F215E-7EBB-45A4-B623-C4E069BDEAC3}.UAT|x64.ActiveCfg = Release|Any CPU
		{8D9F215E-7EBB-45A4-B623-C4E069BDEAC3}.UAT|x64.Build.0 = Release|Any CPU
		{8D9F215E-7EBB-45A4-B623-C4E069BDEAC3}.UAT|x86.ActiveCfg = Release|Any CPU
		{8D9F215E-7EBB-45A4-B623-C4E069BDEAC3}.UAT|x86.Build.0 = Release|Any CPU
	EndGlobalSection
	GlobalSection(SolutionProperties) = preSolution
		HideSolutionNode = FALSE
	EndGlobalSection
EndGlobal
